# Governance substrate lock
#
# WHAT THIS IS. Syzygy's owner-approved policies and its agent operating
# procedure adopt external material *by reference* — most consequentially,
# craft-and-care adopts the `th-engineering` bar (see
# `craft-and-care/README.md`, "Adoption by reference"). Until this file
# existed, those references named a founder-machine path
# (`~/.claude/skills/th-engineering/...`), which no clone can resolve. This
# file makes every such reference resolvable from a clean clone by naming the
# public repository, the exact commit, the exact paths, and content digests a
# reader can recompute. As of 2026-08-06, `th_engineering` is additionally
# VENDORED in-tree (owner override — see `th_engineering.vendored` below), so
# a clone needs no external fetch at all to read the adopted bar; the pin
# below remains the provenance record.
#
# WHAT THIS IS NOT. This file is a **record, not authority**. It adopts
# nothing, changes no policy, and cannot widen what the owner approved. Where
# it disagrees with an owner-approved policy, the policy wins and this file is
# stale. It is checked by `scripts/check_governance.py` (CG-19).
#
# DIGEST CONVENTION. Two independent kinds appear, both recomputable:
#   git_tree   — the git tree object id of a directory at the named commit.
#                Verify: `git rev-parse <commit>:<path>`
#   sha256     — sha256 of the exact file bytes at the named commit.
#                Verify: `git cat-file blob <commit>:<path> | sha256sum`
# th_engineering recomputed 2026-08-06 (re-pin to f4cf1c7); the other pins
# were last recomputed 2026-08-05 in the same session that wrote them.

version: 1
as_of: "2026-08-06"
recomputed_in_session: true

# ---------------------------------------------------------------------------
# th_engineering — the baseline ENGINEERING BAR adopted by craft-and-care (D2)
# ---------------------------------------------------------------------------
# craft-and-care/README.md now pins the bar re-pinned 2026-08-06 (engineering-
# bar biases 1-9 + Definition of Done incl. "Test delta accounted"; test-rigor
# rules 1-10; dependency-hygiene rules 1-7). `adopted` and `installed` agree
# as of this re-pin — see `drift` for the resolved history. Owner override,
# 2026-08-06: the bar is also VENDORED in-tree (see `vendored` below), not
# read from a founder-machine path.
th_engineering:
  repository: https://github.com/Tzeusy/ai-bootstrap
  visibility: public
  license: MIT

  adopted:
    # Re-pinned 2026-08-06 to match `installed`, resolving the P-26 drift.
    commit: f4cf1c7d7fdcacf61e1325e611a368403f372d74
    commit_date: "2026-08-02T11:45:12+08:00"
    resolution_rule: >-
      Owner decision 2026-08-06: re-pin to the installed commit rather than
      hold the 2026-07-30 pin, closing P-26. CC-BAR-1 / CC-TEST-* were
      re-checked against test-rigor rules 9-10 and the new engineering-bar
      DoD item; no override conflicts found — see
      craft-and-care/testing-and-verification.md and
      craft-and-care/README.md.
    root_path: skills/personal/th-engineering
    git_tree: 2e6983fedc18943559c4b62a76b85842152cb231
    relevant_paths:
      - path: skills/personal/th-engineering/SKILL.md
        sha256: ff57caa0e9ab3f355363d274485a94af87c694c6465fa123c33858fcbd13e92d
      - path: skills/personal/th-engineering/subskills/engineering-bar/SKILL.md
        sha256: e64f1b2802ac31611823363181572cb7e6611cd1f981342d8fad063cf4c6e5a7
        adopted_content: "biases 1-9 + Definition of Done (incl. 'Test delta accounted')"
      - path: skills/personal/th-engineering/subskills/test-rigor/SKILL.md
        sha256: c485f7cdbcd4e08e36384840a53fc59b98514efa7f650f5fcaa4b7cbd7ecfc46
        adopted_content: "rules 1-10"
      - path: skills/personal/th-engineering/subskills/dependency-hygiene/SKILL.md
        sha256: 660546b127f7dc291331cb8f624a4f891d1d877542a835f3bb62b6c2e1744ba6
        adopted_content: "rules 1-7"

  installed:
    commit: f4cf1c7d7fdcacf61e1325e611a368403f372d74
    commit_date: "2026-08-02T11:45:12+08:00"
    root_path: skills/personal/th-engineering
    git_tree: 2e6983fedc18943559c4b62a76b85842152cb231
    relevant_paths:
      - path: skills/personal/th-engineering/SKILL.md
        sha256: ff57caa0e9ab3f355363d274485a94af87c694c6465fa123c33858fcbd13e92d
      - path: skills/personal/th-engineering/subskills/engineering-bar/SKILL.md
        sha256: e64f1b2802ac31611823363181572cb7e6611cd1f981342d8fad063cf4c6e5a7
      - path: skills/personal/th-engineering/subskills/test-rigor/SKILL.md
        sha256: c485f7cdbcd4e08e36384840a53fc59b98514efa7f650f5fcaa4b7cbd7ecfc46
      - path: skills/personal/th-engineering/subskills/dependency-hygiene/SKILL.md
        sha256: 660546b127f7dc291331cb8f624a4f891d1d877542a835f3bb62b6c2e1744ba6

  # Historical drift (detected 2026-08-05, absorbed 2026-08-06): test-rigor
  # gained bars 9-10 (suite tiering/targetability; governed test growth) and
  # engineering-bar's DoD gained "Test delta accounted"; dependency-hygiene
  # was byte-identical. Full before/after detail: git history of this file
  # prior to 2026-08-06, and `round-2026-08b/SUBSTRATE-REPRODUCIBILITY-REPORT.md`.
  drift:
    detected: false
    disposition: >-
      ABSORBED — owner decision 2026-08-06 re-pinned `adopted` to f4cf1c7
      (closing P-26) instead of holding the 2026-07-30 text. CC-BAR-1 /
      CC-TEST-* were re-checked against the two new test-rigor bars and the
      new DoD item; no conflicts found, so no override text changed. Tracked
      in `decisions/PENDING-OWNER-DECISIONS.md` (P-26, now executed).

  # Owner override, 2026-08-06: vendor a local, git-tracked copy instead of
  # only citing a founder-machine path. Content is byte-identical to
  # `installed` above (verify by recomputing sha256 at each location).
  vendored:
    vendored_on: "2026-08-06"
    reason: >-
      Owner override of the PUBLIC-CLONE-AUTHORITY-MATRIX.md disposition
      ("out of scope for this repo; disclose in CONTRIBUTING, do not
      import"). That disposition is superseded by this vendoring.
    locations:
      - .claude/skills/th-engineering/SKILL.md
      - .claude/skills/th-engineering/subskills/engineering-bar/SKILL.md
      - .claude/skills/th-engineering/subskills/test-rigor/SKILL.md
      - .claude/skills/th-engineering/subskills/dependency-hygiene/SKILL.md
      - .codex/skills/th-engineering/SKILL.md
      - .codex/skills/th-engineering/subskills/engineering-bar/SKILL.md
      - .codex/skills/th-engineering/subskills/test-rigor/SKILL.md
      - .codex/skills/th-engineering/subskills/dependency-hygiene/SKILL.md
    scope_note: >-
      Vendored scope matches `installed.relevant_paths` exactly — the root
      SKILL.md and the three adopted subskills, nothing else from the
      upstream th-engineering package (code-readability, diagnosis,
      documentation, cruft-cleanup, skill-standards, excalidraw-diagram are
      not adopted and not vendored). Test-rigor bars 9 and 10 cite
      `subskills/test-rigor/references/suite-discipline.md`, which is
      likewise NOT vendored — that file was never inside this lock's adopted
      scope, so the citation is a known dead link in the vendored copy, not
      an oversight.

# ---------------------------------------------------------------------------
# th_projects — the project-shaping workflow Syzygy's next phase runs through
# ---------------------------------------------------------------------------
# Not adopted as binding policy. Named as the mechanism for the next lifecycle
# step (`/th-projects project-feature-request`) in PROJECT-STATUS.md and
# AGENTS.md. Locked so a clone can obtain the same workflow definition.
th_projects:
  repository: https://github.com/Tzeusy/ai-bootstrap
  visibility: public
  license: MIT
  commit: f4cf1c7d7fdcacf61e1325e611a368403f372d74
  commit_date: "2026-08-02T11:45:12+08:00"
  root_path: skills/personal/th-projects
  git_tree: c1e642641cbb34f61ade9b939550c7f191e28b72
  relevant_paths:
    - path: skills/personal/th-projects/SKILL.md
      sha256: 0b1453fb428af7c43c16d9e79e0faa67b7a9ff783637dbbcd780ab9a172273d5
    - path: skills/personal/th-projects/subskills/project-feature-request/SKILL.md
      sha256: 57c4cf2a02672150c910e96c17f4cb1fa950aa0ac75d95b58e65036003c640e3
      note: "the entry point for the next lifecycle step"
  binding: false
  binding_note: >-
    Referenced as a workflow, never adopted as authority. Nothing in this
    repository derives a normative rule from it.

# ---------------------------------------------------------------------------
# beads_orchestration — agent work-lifecycle workflow (housekeeping only here)
# ---------------------------------------------------------------------------
beads_orchestration:
  repository: https://github.com/Tzeusy/ai-bootstrap
  visibility: public
  license: MIT
  commit: f4cf1c7d7fdcacf61e1325e611a368403f372d74
  root_path: skills/personal/beads-orchestration
  git_tree: bed27e82e721b315c0826049315a23f776d04f57
  git_tree_unchanged_since_adopted_pin: true
  relevant_paths:
    - path: skills/personal/beads-orchestration/SKILL.md
      sha256: aea4a4d2921a29eb6da536573b09c4e115cda645d20b41d52297566ee59f00ce
  binding: false
  binding_note: >-
    AGENTS.md forbids invoking this for implementation in the current phase.
    Locked for reproducibility, not because it governs anything.

# ---------------------------------------------------------------------------
# openspec — the tool that will own "required observable behavior"
# ---------------------------------------------------------------------------
# `openspec/**` does not exist in this repository yet. This records the
# distribution the project intends to use, so the next phase does not silently
# start on a different one.
openspec:
  distribution: "npm: @fission-ai/openspec"
  repository: https://github.com/Fission-AI/OpenSpec
  license: MIT
  installed_version: "1.9.0"
  latest_published_at_lock_time: "1.9.0"
  compatibility: >-
    Format contract confirmed additive across 1.3.1 -> 1.8.0 -> 1.9.0: the
    `schemas/spec-driven/` schema.yaml and all four templates (design.md,
    proposal.md, spec.md, tasks.md) are byte-identical between 1.8.0 and
    1.9.0 (sha256
    7004a6a4d82fbab6d2e5e0e5f178db4e612fa57d7e012ce275fcce9f76a61af6 on
    schema.yaml, both versions). Tooling behavior beyond the schema changed
    (a tasks.md numbering-ambiguity validator; loosened scenario-header
    matching in requirement parsing; revised archive rebuild logic in
    specs-apply.js) — these were not individually verified line-by-line and
    are [Inferred] to be non-breaking (loosening, not tightening) rather than
    [Observed] risk-free. `openspec/` does not exist in this repository yet;
    compatibility becomes a live question at the first changeset.
  digest_or_lock_reference: >-
    Pinned 2026-08-16 per owner ruling P-39. schema.yaml sha256:
    7004a6a4d82fbab6d2e5e0e5f178db4e612fa57d7e012ce275fcce9f76a61af6 (both
    1.8.0 and 1.9.0). No `openspec/` artifact exists yet to validate against
    this pin — the pin governs the *first* write.
  owner_decision: >-
    P-39 RULED 2026-08-16 (owner, via an adversarially-reviewed
    questionnaire packet, direct conversational response) — option (b): pin
    current upstream, at 1.9.0 (refreshed at answer time from the packet's
    measured 1.8.0, since the owner had already upgraded and upstream had
    published again). Artifact form: OpenSpec changeset directories under
    `openspec/` per the pinned version's format. Stable identity
    expectations: requirement IDs stable forever once minted; whether
    OpenSpec identities survive edit/rename remains [Unknown], RFC 0004's
    adapter-contract obligation. Adapter compatibility posture: the CLI is a
    substitutable adapter beneath a non-substitutable artifact contract.
    Migration posture: version upgrades are recorded migrations with the
    artifact contract as the invariant; no silent regeneration of accepted
    specs. Full record: `PENDING-OWNER-DECISIONS.md` (row P-39, 2026-08-16
    resolved section), `decisions/OPENSPEC-FORM-AND-VERSION-DECISION.md`,
    and the owner's local decision packet.

# ---------------------------------------------------------------------------
# beads — the work-lifecycle tracker
# ---------------------------------------------------------------------------
beads:
  distribution: "bd (beads)"
  repository: https://github.com/steveyegge/beads
  installed_version: "1.0.4"
  installed_build: "ce242a879"
  compatibility: >-
    Used in this phase for process housekeeping only (AGENTS.md: no
    implementation issues, epics, or product backlog). No Syzygy artifact
    derives a normative rule from beads, and `.beads/issues.jsonl` is a
    passive export, never authority.
  digest_or_lock_reference: >-
    None. Nothing here is generated from beads state.

# ---------------------------------------------------------------------------
# Deliberately NOT locked
# ---------------------------------------------------------------------------
not_locked:
  - name: "~/.dotfiles (github.com/Tzeusy/.dotfiles)"
    reason: >-
      PRIVATE repository, and not needed. It is only the checkout harness that
      places ai-bootstrap on the founder machine; every path this repository
      actually references lives inside the public `ai-bootstrap` submodule,
      which is locked above. A clone-holder never needs .dotfiles.
  - name: "the founder machine's ~/.claude/skills/** symlinks"
    reason: >-
      Machine-local installation detail. `~/.claude/skills/th-engineering`
      resolves to `~/.dotfiles/ai-bootstrap/skills/personal/th-engineering`;
      the content is what the lock names, and the symlink is not. As of
      2026-08-06 this repository no longer depends on that symlink at all —
      see `th_engineering.vendored` for the in-tree copy.

# ---------------------------------------------------------------------------
# How to verify this file from a clean clone
# ---------------------------------------------------------------------------
verification:
  commands:
    - "git clone https://github.com/Tzeusy/ai-bootstrap /tmp/aib"
    - "cd /tmp/aib && git rev-parse f4cf1c7d7fdcacf61e1325e611a368403f372d74:skills/personal/th-engineering"
    - "cd /tmp/aib && git cat-file blob f4cf1c7d7fdcacf61e1325e611a368403f372d74:skills/personal/th-engineering/subskills/test-rigor/SKILL.md | sha256sum"
    - "sha256sum .claude/skills/th-engineering/subskills/test-rigor/SKILL.md .codex/skills/th-engineering/subskills/test-rigor/SKILL.md  # confirm the vendored copy matches the upstream blob"
  expected: >-
    The tree id and sha256 values recorded above, and the two vendored-copy
    sha256sums equal to the upstream blob's. Any disagreement means this lock
    (or the vendored copy) is stale — report it, do not edit either to match
    the other without checking which one moved.
  report: ".syzygy/governance/contracts/candidates/round-2026-08b/SUBSTRATE-REPRODUCIBILITY-REPORT.md (superseded 2026-08-06 by this re-pin — a fresh clone report is still owed, see PENDING-OWNER-DECISIONS.md)"
